
Microsoft Visual Studio Solution File, Format Version 12.00
# Visual Studio Version 17
VisualStudioVersion = 17.14.36414.22
MinimumVisualStudioVersion = 10.0.40219.1
Project("{2150E333-8FDC-42A3-9474-1A3956D46DE8}") = "Task0", "Task0", "{02EA681E-C7D8-13C7-8484-4AC65E1B71E8}"
EndProject
Project("{FAE04EC0-301F-11D3-BF4B-00C04F79EFBC}") = "Tyuiu.ZakharovaVI.Sprint5.Task0.V29", "Tyuiu.ZakharovaVI.Sprint5.Task0.V29\Tyuiu.ZakharovaVI.Sprint5.Task0.V29.csproj", "{16FEB62C-7B41-4F26-AD84-21CB1B59EAA4}"
EndProject
Project("{FAE04EC0-301F-11D3-BF4B-00C04F79EFBC}") = "Tyuiu.ZakharovaVI.Sprint5.Task0.V29.Lib", "Tyuiu.ZakharovaVI.Sprint5.Task0.V29.Lib\Tyuiu.ZakharovaVI.Sprint5.Task0.V29.Lib.csproj", "{25CF4B5B-B879-43F7-8170-5905915DB2A7}"
EndProject
Project("{FAE04EC0-301F-11D3-BF4B-00C04F79EFBC}") = "Tyuiu.ZakharovaVI.Sprint5.Task0.V29.Test", "Tyuiu.ZakharovaVI.Sprint5.Task0.V29.Test\Tyuiu.ZakharovaVI.Sprint5.Task0.V29.Test.csproj", "{FA39BD3F-192C-464F-8698-A6CCD1496A05}"
EndProject
Project("{2150E333-8FDC-42A3-9474-1A3956D46DE8}") = "Task1", "Task1", "{59D2B258-4EDF-446F-928C-1416F4A6442A}"
EndProject
Project("{FAE04EC0-301F-11D3-BF4B-00C04F79EFBC}") = "Tyuiu.ZakharovaVI.Sprint5.Task1.V1", "Tyuiu.ZakharovaVI.Sprint5.Task1.V1\Tyuiu.ZakharovaVI.Sprint5.Task1.V1.csproj", "{1025A4DA-BDD6-46FF-9C00-55681AADA4E8}"
EndProject
Project("{FAE04EC0-301F-11D3-BF4B-00C04F79EFBC}") = "Tyuiu.ZakharovaVI.Sprint5.Task1.V1.Lib", "Tyuiu.ZakharovaVI.Sprint5.Task1.V1.Lib\Tyuiu.ZakharovaVI.Sprint5.Task1.V1.Lib.csproj", "{E16DA54D-3479-4F9E-B9A1-A002C5F9DAC9}"
EndProject
Project("{FAE04EC0-301F-11D3-BF4B-00C04F79EFBC}") = "Tyuiu.ZakharovaVI.Sprint5.Task1.V1.Test", "Tyuiu.ZakharovaVI.Sprint5.Task1.V1.Test\Tyuiu.ZakharovaVI.Sprint5.Task1.V1.Test.csproj", "{630A95E1-9B2E-4CEC-A4E8-06463F3F2620}"
EndProject
Project("{2150E333-8FDC-42A3-9474-1A3956D46DE8}") = "Task2", "Task2", "{7D6B219E-6D64-4D3A-968A-99FCAEBA7AEA}"
EndProject
Project("{FAE04EC0-301F-11D3-BF4B-00C04F79EFBC}") = "Tyuiu.ZakharovaVI.Sprint5.Task2.V29", "Tyuiu.ZakharovaVI.Sprint5.Task2.V29\Tyuiu.ZakharovaVI.Sprint5.Task2.V29.csproj", "{3E0807E3-F71A-49AE-A84E-0FC3275261C4}"
EndProject
Project("{FAE04EC0-301F-11D3-BF4B-00C04F79EFBC}") = "Tyuiu.ZakharovaVI.Sprint5.Task2.V29.Lib", "Tyuiu.ZakharovaVI.Sprint5.Task2.V29.Lib\Tyuiu.ZakharovaVI.Sprint5.Task2.V29.Lib.csproj", "{E6D98D53-2C0B-4C4D-9A42-748345A580D4}"
EndProject
Project("{FAE04EC0-301F-11D3-BF4B-00C04F79EFBC}") = "Tyuiu.ZakharovaVI.Sprint5.Task2.V29.Test", "Tyuiu.ZakharovaVI.Sprint5.Task2.V29.Test\Tyuiu.ZakharovaVI.Sprint5.Task2.V29.Test.csproj", "{49263B77-6937-4150-BF45-E367DC0DB332}"
EndProject
Project("{2150E333-8FDC-42A3-9474-1A3956D46DE8}") = "Task3", "Task3", "{F4958B56-A972-4817-B7EF-9E598B56FA42}"
EndProject
Project("{FAE04EC0-301F-11D3-BF4B-00C04F79EFBC}") = "Tyuiu.ZakharovaVI.Sprint5.Task3.V22", "Tyuiu.ZakharovaVI.Sprint5.Task3.V22\Tyuiu.ZakharovaVI.Sprint5.Task3.V22.csproj", "{45FB6A59-34D1-4C12-8ADB-2926EF8E135E}"
EndProject
Project("{FAE04EC0-301F-11D3-BF4B-00C04F79EFBC}") = "Tyuiu.ZakharovaVI.Sprint5.Task3.V22.Lib", "Tyuiu.ZakharovaVI.Sprint5.Task3.V22.Lib\Tyuiu.ZakharovaVI.Sprint5.Task3.V22.Lib.csproj", "{9BA6D19C-59C3-4AF5-8C69-01F2339CC13C}"
EndProject
Project("{FAE04EC0-301F-11D3-BF4B-00C04F79EFBC}") = "Tyuiu.ZakharovaVI.Sprint5.Task3.V22.Test", "Tyuiu.ZakharovaVI.Sprint5.Task3.V22.Test\Tyuiu.ZakharovaVI.Sprint5.Task3.V22.Test.csproj", "{D0E90269-9157-4C7D-9DFE-4559F87846D1}"
EndProject
Project("{2150E333-8FDC-42A3-9474-1A3956D46DE8}") = "Task4", "Task4", "{45627DA5-B2DC-4086-A9F2-3A56F172AE67}"
EndProject
Project("{FAE04EC0-301F-11D3-BF4B-00C04F79EFBC}") = "Tyuiu.ZakharovaVI.Sprint5.Task4.V15", "Tyuiu.ZakharovaVI.Sprint5.Task4.V15\Tyuiu.ZakharovaVI.Sprint5.Task4.V15.csproj", "{B9C8D884-0A5B-43F9-A9CF-CFD6F29805C6}"
EndProject
Project("{FAE04EC0-301F-11D3-BF4B-00C04F79EFBC}") = "Tyuiu.ZakharovaVI.Sprint5.Task4.V15.Lib", "Tyuiu.ZakharovaVI.Sprint5.Task4.V15.Lib\Tyuiu.ZakharovaVI.Sprint5.Task4.V15.Lib.csproj", "{80E6F030-488E-47EC-A1F8-4975A7D8FCDE}"
EndProject
Project("{FAE04EC0-301F-11D3-BF4B-00C04F79EFBC}") = "Tyuiu.ZakharovaVI.Sprint5.Task4.V15.Test", "Tyuiu.ZakharovaVI.Sprint5.Task4.V15.Test\Tyuiu.ZakharovaVI.Sprint5.Task4.V15.Test.csproj", "{8A0A8156-4344-4438-A3E4-1DA290CFD587}"
EndProject
Project("{2150E333-8FDC-42A3-9474-1A3956D46DE8}") = "Task5", "Task5", "{657F43CC-2658-4F0D-85E2-0417453117D8}"
EndProject
Project("{FAE04EC0-301F-11D3-BF4B-00C04F79EFBC}") = "Tyuiu.ZakharovaVI.Sprint5.Task5.V18", "Tyuiu.ZakharovaVI.Sprint5.Task5.V18\Tyuiu.ZakharovaVI.Sprint5.Task5.V18.csproj", "{F39D21B3-9D6F-4819-A9BA-1BA64FE3AA58}"
EndProject
Project("{FAE04EC0-301F-11D3-BF4B-00C04F79EFBC}") = "Tyuiu.ZakharovaVI.Sprint5.Task5.V18.Lib", "Tyuiu.ZakharovaVI.Sprint5.Task5.V18.Lib\Tyuiu.ZakharovaVI.Sprint5.Task5.V18.Lib.csproj", "{46CAC2B0-F1BA-4CC2-B43E-6502A3C54CA4}"
EndProject
Project("{FAE04EC0-301F-11D3-BF4B-00C04F79EFBC}") = "Tyuiu.ZakharovaVI.Sprint5.Task5.V18.Test", "Tyuiu.ZakharovaVI.Sprint5.Task5.V18.Test\Tyuiu.ZakharovaVI.Sprint5.Task5.V18.Test.csproj", "{58B0AC61-8CAD-40FB-BD91-9F1C4973E175}"
EndProject
Project("{2150E333-8FDC-42A3-9474-1A3956D46DE8}") = "Task6", "Task6", "{B730D056-7C62-4BEF-BBC5-9E64CD24A61F}"
EndProject
Project("{FAE04EC0-301F-11D3-BF4B-00C04F79EFBC}") = "Tyuiu.ZakharovaVI.Sprint5.Task6.V8", "Tyuiu.ZakharovaVI.Sprint5.Task6.V8\Tyuiu.ZakharovaVI.Sprint5.Task6.V8.csproj", "{C15D929A-DB10-42EF-BFC2-E24DC8487E39}"
EndProject
Project("{FAE04EC0-301F-11D3-BF4B-00C04F79EFBC}") = "Tyuiu.ZakharovaVI.Sprint5.Task6.V8.Lib", "Tyuiu.ZakharovaVI.Sprint5.Task6.V8.Lib\Tyuiu.ZakharovaVI.Sprint5.Task6.V8.Lib.csproj", "{D94C0AAC-56EF-45A5-8664-B7DDC32BD1DA}"
EndProject
Project("{FAE04EC0-301F-11D3-BF4B-00C04F79EFBC}") = "Tyuiu.ZakharovaVI.Sprint5.Task6.V8.Test", "Tyuiu.ZakharovaVI.Sprint5.Task6.V8.Test\Tyuiu.ZakharovaVI.Sprint5.Task6.V8.Test.csproj", "{3AA33C24-583D-41F1-8B9D-DCE7021B6001}"
EndProject
Project("{2150E333-8FDC-42A3-9474-1A3956D46DE8}") = "Task7", "Task7", "{699E688D-867A-433A-8FB8-6389FD3FF8D4}"
EndProject
Project("{FAE04EC0-301F-11D3-BF4B-00C04F79EFBC}") = "Tyuiu.ZakharovaVI.Sprint5.Task7.V9", "Tyuiu.ZakharovaVI.Sprint5.Task7.V9\Tyuiu.ZakharovaVI.Sprint5.Task7.V9.csproj", "{CC5F4F5A-4080-4366-87D3-45107E9E18B9}"
EndProject
Project("{FAE04EC0-301F-11D3-BF4B-00C04F79EFBC}") = "Tyuiu.ZakharovaVI.Sprint5.Task7.V9.Lib", "Tyuiu.ZakharovaVI.Sprint5.Task7.V9.Lib\Tyuiu.ZakharovaVI.Sprint5.Task7.V9.Lib.csproj", "{0034697D-E975-4C43-A859-5E17144BE476}"
EndProject
Project("{FAE04EC0-301F-11D3-BF4B-00C04F79EFBC}") = "Tyuiu.ZakharovaVI.Sprint5.Task7.V9.Test", "Tyuiu.ZakharovaVI.Sprint5.Task7.V9.Test\Tyuiu.ZakharovaVI.Sprint5.Task7.V9.Test.csproj", "{AB697973-900B-4A5F-89E3-F92C56F8257F}"
EndProject
Global
	GlobalSection(SolutionConfigurationPlatforms) = preSolution
		Debug|Any CPU = Debug|Any CPU
		Release|Any CPU = Release|Any CPU
	EndGlobalSection
	GlobalSection(ProjectConfigurationPlatforms) = postSolution
		{16FEB62C-7B41-4F26-AD84-21CB1B59EAA4}.Debug|Any CPU.ActiveCfg = Debug|Any CPU
		{16FEB62C-7B41-4F26-AD84-21CB1B59EAA4}.Debug|Any CPU.Build.0 = Debug|Any CPU
		{16FEB62C-7B41-4F26-AD84-21CB1B59EAA4}.Release|Any CPU.ActiveCfg = Release|Any CPU
		{16FEB62C-7B41-4F26-AD84-21CB1B59EAA4}.Release|Any CPU.Build.0 = Release|Any CPU
		{25CF4B5B-B879-43F7-8170-5905915DB2A7}.Debug|Any CPU.ActiveCfg = Debug|Any CPU
		{25CF4B5B-B879-43F7-8170-5905915DB2A7}.Debug|Any CPU.Build.0 = Debug|Any CPU
		{25CF4B5B-B879-43F7-8170-5905915DB2A7}.Release|Any CPU.ActiveCfg = Release|Any CPU
		{25CF4B5B-B879-43F7-8170-5905915DB2A7}.Release|Any CPU.Build.0 = Release|Any CPU
		{FA39BD3F-192C-464F-8698-A6CCD1496A05}.Debug|Any CPU.ActiveCfg = Debug|Any CPU
		{FA39BD3F-192C-464F-8698-A6CCD1496A05}.Debug|Any CPU.Build.0 = Debug|Any CPU
		{FA39BD3F-192C-464F-8698-A6CCD1496A05}.Release|Any CPU.ActiveCfg = Release|Any CPU
		{FA39BD3F-192C-464F-8698-A6CCD1496A05}.Release|Any CPU.Build.0 = Release|Any CPU
		{1025A4DA-BDD6-46FF-9C00-55681AADA4E8}.Debug|Any CPU.ActiveCfg = Debug|Any CPU
		{1025A4DA-BDD6-46FF-9C00-55681AADA4E8}.Debug|Any CPU.Build.0 = Debug|Any CPU
		{1025A4DA-BDD6-46FF-9C00-55681AADA4E8}.Release|Any CPU.ActiveCfg = Release|Any CPU
		{1025A4DA-BDD6-46FF-9C00-55681AADA4E8}.Release|Any CPU.Build.0 = Release|Any CPU
		{E16DA54D-3479-4F9E-B9A1-A002C5F9DAC9}.Debug|Any CPU.ActiveCfg = Debug|Any CPU
		{E16DA54D-3479-4F9E-B9A1-A002C5F9DAC9}.Debug|Any CPU.Build.0 = Debug|Any CPU
		{E16DA54D-3479-4F9E-B9A1-A002C5F9DAC9}.Release|Any CPU.ActiveCfg = Release|Any CPU
		{E16DA54D-3479-4F9E-B9A1-A002C5F9DAC9}.Release|Any CPU.Build.0 = Release|Any CPU
		{630A95E1-9B2E-4CEC-A4E8-06463F3F2620}.Debug|Any CPU.ActiveCfg = Debug|Any CPU
		{630A95E1-9B2E-4CEC-A4E8-06463F3F2620}.Debug|Any CPU.Build.0 = Debug|Any CPU
		{630A95E1-9B2E-4CEC-A4E8-06463F3F2620}.Release|Any CPU.ActiveCfg = Release|Any CPU
		{630A95E1-9B2E-4CEC-A4E8-06463F3F2620}.Release|Any CPU.Build.0 = Release|Any CPU
		{3E0807E3-F71A-49AE-A84E-0FC3275261C4}.Debug|Any CPU.ActiveCfg = Debug|Any CPU
		{3E0807E3-F71A-49AE-A84E-0FC3275261C4}.Debug|Any CPU.Build.0 = Debug|Any CPU
		{3E0807E3-F71A-49AE-A84E-0FC3275261C4}.Release|Any CPU.ActiveCfg = Release|Any CPU
		{3E0807E3-F71A-49AE-A84E-0FC3275261C4}.Release|Any CPU.Build.0 = Release|Any CPU
		{E6D98D53-2C0B-4C4D-9A42-748345A580D4}.Debug|Any CPU.ActiveCfg = Debug|Any CPU
		{E6D98D53-2C0B-4C4D-9A42-748345A580D4}.Debug|Any CPU.Build.0 = Debug|Any CPU
		{E6D98D53-2C0B-4C4D-9A42-748345A580D4}.Release|Any CPU.ActiveCfg = Release|Any CPU
		{E6D98D53-2C0B-4C4D-9A42-748345A580D4}.Release|Any CPU.Build.0 = Release|Any CPU
		{49263B77-6937-4150-BF45-E367DC0DB332}.Debug|Any CPU.ActiveCfg = Debug|Any CPU
		{49263B77-6937-4150-BF45-E367DC0DB332}.Debug|Any CPU.Build.0 = Debug|Any CPU
		{49263B77-6937-4150-BF45-E367DC0DB332}.Release|Any CPU.ActiveCfg = Release|Any CPU
		{49263B77-6937-4150-BF45-E367DC0DB332}.Release|Any CPU.Build.0 = Release|Any CPU
		{45FB6A59-34D1-4C12-8ADB-2926EF8E135E}.Debug|Any CPU.ActiveCfg = Debug|Any CPU
		{45FB6A59-34D1-4C12-8ADB-2926EF8E135E}.Debug|Any CPU.Build.0 = Debug|Any CPU
		{45FB6A59-34D1-4C12-8ADB-2926EF8E135E}.Release|Any CPU.ActiveCfg = Release|Any CPU
		{45FB6A59-34D1-4C12-8ADB-2926EF8E135E}.Release|Any CPU.Build.0 = Release|Any CPU
		{9BA6D19C-59C3-4AF5-8C69-01F2339CC13C}.Debug|Any CPU.ActiveCfg = Debug|Any CPU
		{9BA6D19C-59C3-4AF5-8C69-01F2339CC13C}.Debug|Any CPU.Build.0 = Debug|Any CPU
		{9BA6D19C-59C3-4AF5-8C69-01F2339CC13C}.Release|Any CPU.ActiveCfg = Release|Any CPU
		{9BA6D19C-59C3-4AF5-8C69-01F2339CC13C}.Release|Any CPU.Build.0 = Release|Any CPU
		{D0E90269-9157-4C7D-9DFE-4559F87846D1}.Debug|Any CPU.ActiveCfg = Debug|Any CPU
		{D0E90269-9157-4C7D-9DFE-4559F87846D1}.Debug|Any CPU.Build.0 = Debug|Any CPU
		{D0E90269-9157-4C7D-9DFE-4559F87846D1}.Release|Any CPU.ActiveCfg = Release|Any CPU
		{D0E90269-9157-4C7D-9DFE-4559F87846D1}.Release|Any CPU.Build.0 = Release|Any CPU
		{B9C8D884-0A5B-43F9-A9CF-CFD6F29805C6}.Debug|Any CPU.ActiveCfg = Debug|Any CPU
		{B9C8D884-0A5B-43F9-A9CF-CFD6F29805C6}.Debug|Any CPU.Build.0 = Debug|Any CPU
		{B9C8D884-0A5B-43F9-A9CF-CFD6F29805C6}.Release|Any CPU.ActiveCfg = Release|Any CPU
		{B9C8D884-0A5B-43F9-A9CF-CFD6F29805C6}.Release|Any CPU.Build.0 = Release|Any CPU
		{80E6F030-488E-47EC-A1F8-4975A7D8FCDE}.Debug|Any CPU.ActiveCfg = Debug|Any CPU
		{80E6F030-488E-47EC-A1F8-4975A7D8FCDE}.Debug|Any CPU.Build.0 = Debug|Any CPU
		{80E6F030-488E-47EC-A1F8-4975A7D8FCDE}.Release|Any CPU.ActiveCfg = Release|Any CPU
		{80E6F030-488E-47EC-A1F8-4975A7D8FCDE}.Release|Any CPU.Build.0 = Release|Any CPU
		{8A0A8156-4344-4438-A3E4-1DA290CFD587}.Debug|Any CPU.ActiveCfg = Debug|Any CPU
		{8A0A8156-4344-4438-A3E4-1DA290CFD587}.Debug|Any CPU.Build.0 = Debug|Any CPU
		{8A0A8156-4344-4438-A3E4-1DA290CFD587}.Release|Any CPU.ActiveCfg = Release|Any CPU
		{8A0A8156-4344-4438-A3E4-1DA290CFD587}.Release|Any CPU.Build.0 = Release|Any CPU
		{F39D21B3-9D6F-4819-A9BA-1BA64FE3AA58}.Debug|Any CPU.ActiveCfg = Debug|Any CPU
		{F39D21B3-9D6F-4819-A9BA-1BA64FE3AA58}.Debug|Any CPU.Build.0 = Debug|Any CPU
		{F39D21B3-9D6F-4819-A9BA-1BA64FE3AA58}.Release|Any CPU.ActiveCfg = Release|Any CPU
		{F39D21B3-9D6F-4819-A9BA-1BA64FE3AA58}.Release|Any CPU.Build.0 = Release|Any CPU
		{46CAC2B0-F1BA-4CC2-B43E-6502A3C54CA4}.Debug|Any CPU.ActiveCfg = Debug|Any CPU
		{46CAC2B0-F1BA-4CC2-B43E-6502A3C54CA4}.Debug|Any CPU.Build.0 = Debug|Any CPU
		{46CAC2B0-F1BA-4CC2-B43E-6502A3C54CA4}.Release|Any CPU.ActiveCfg = Release|Any CPU
		{46CAC2B0-F1BA-4CC2-B43E-6502A3C54CA4}.Release|Any CPU.Build.0 = Release|Any CPU
		{58B0AC61-8CAD-40FB-BD91-9F1C4973E175}.Debug|Any CPU.ActiveCfg = Debug|Any CPU
		{58B0AC61-8CAD-40FB-BD91-9F1C4973E175}.Debug|Any CPU.Build.0 = Debug|Any CPU
		{58B0AC61-8CAD-40FB-BD91-9F1C4973E175}.Release|Any CPU.ActiveCfg = Release|Any CPU
		{58B0AC61-8CAD-40FB-BD91-9F1C4973E175}.Release|Any CPU.Build.0 = Release|Any CPU
		{C15D929A-DB10-42EF-BFC2-E24DC8487E39}.Debug|Any CPU.ActiveCfg = Debug|Any CPU
		{C15D929A-DB10-42EF-BFC2-E24DC8487E39}.Debug|Any CPU.Build.0 = Debug|Any CPU
		{C15D929A-DB10-42EF-BFC2-E24DC8487E39}.Release|Any CPU.ActiveCfg = Release|Any CPU
		{C15D929A-DB10-42EF-BFC2-E24DC8487E39}.Release|Any CPU.Build.0 = Release|Any CPU
		{D94C0AAC-56EF-45A5-8664-B7DDC32BD1DA}.Debug|Any CPU.ActiveCfg = Debug|Any CPU
		{D94C0AAC-56EF-45A5-8664-B7DDC32BD1DA}.Debug|Any CPU.Build.0 = Debug|Any CPU
		{D94C0AAC-56EF-45A5-8664-B7DDC32BD1DA}.Release|Any CPU.ActiveCfg = Release|Any CPU
		{D94C0AAC-56EF-45A5-8664-B7DDC32BD1DA}.Release|Any CPU.Build.0 = Release|Any CPU
		{3AA33C24-583D-41F1-8B9D-DCE7021B6001}.Debug|Any CPU.ActiveCfg = Debug|Any CPU
		{3AA33C24-583D-41F1-8B9D-DCE7021B6001}.Debug|Any CPU.Build.0 = Debug|Any CPU
		{3AA33C24-583D-41F1-8B9D-DCE7021B6001}.Release|Any CPU.ActiveCfg = Release|Any CPU
		{3AA33C24-583D-41F1-8B9D-DCE7021B6001}.Release|Any CPU.Build.0 = Release|Any CPU
		{CC5F4F5A-4080-4366-87D3-45107E9E18B9}.Debug|Any CPU.ActiveCfg = Debug|Any CPU
		{CC5F4F5A-4080-4366-87D3-45107E9E18B9}.Debug|Any CPU.Build.0 = Debug|Any CPU
		{CC5F4F5A-4080-4366-87D3-45107E9E18B9}.Release|Any CPU.ActiveCfg = Release|Any CPU
		{CC5F4F5A-4080-4366-87D3-45107E9E18B9}.Release|Any CPU.Build.0 = Release|Any CPU
		{0034697D-E975-4C43-A859-5E17144BE476}.Debug|Any CPU.ActiveCfg = Debug|Any CPU
		{0034697D-E975-4C43-A859-5E17144BE476}.Debug|Any CPU.Build.0 = Debug|Any CPU
		{0034697D-E975-4C43-A859-5E17144BE476}.Release|Any CPU.ActiveCfg = Release|Any CPU
		{0034697D-E975-4C43-A859-5E17144BE476}.Release|Any CPU.Build.0 = Release|Any CPU
		{AB697973-900B-4A5F-89E3-F92C56F8257F}.Debug|Any CPU.ActiveCfg = Debug|Any CPU
		{AB697973-900B-4A5F-89E3-F92C56F8257F}.Debug|Any CPU.Build.0 = Debug|Any CPU
		{AB697973-900B-4A5F-89E3-F92C56F8257F}.Release|Any CPU.ActiveCfg = Release|Any CPU
		{AB697973-900B-4A5F-89E3-F92C56F8257F}.Release|Any CPU.Build.0 = Release|Any CPU
	EndGlobalSection
	GlobalSection(SolutionProperties) = preSolution
		HideSolutionNode = FALSE
	EndGlobalSection
	GlobalSection(NestedProjects) = preSolution
		{16FEB62C-7B41-4F26-AD84-21CB1B59EAA4} = {02EA681E-C7D8-13C7-8484-4AC65E1B71E8}
		{25CF4B5B-B879-43F7-8170-5905915DB2A7} = {02EA681E-C7D8-13C7-8484-4AC65E1B71E8}
		{FA39BD3F-192C-464F-8698-A6CCD1496A05} = {02EA681E-C7D8-13C7-8484-4AC65E1B71E8}
		{1025A4DA-BDD6-46FF-9C00-55681AADA4E8} = {59D2B258-4EDF-446F-928C-1416F4A6442A}
		{E16DA54D-3479-4F9E-B9A1-A002C5F9DAC9} = {59D2B258-4EDF-446F-928C-1416F4A6442A}
		{630A95E1-9B2E-4CEC-A4E8-06463F3F2620} = {59D2B258-4EDF-446F-928C-1416F4A6442A}
		{3E0807E3-F71A-49AE-A84E-0FC3275261C4} = {7D6B219E-6D64-4D3A-968A-99FCAEBA7AEA}
		{E6D98D53-2C0B-4C4D-9A42-748345A580D4} = {7D6B219E-6D64-4D3A-968A-99FCAEBA7AEA}
		{49263B77-6937-4150-BF45-E367DC0DB332} = {7D6B219E-6D64-4D3A-968A-99FCAEBA7AEA}
		{45FB6A59-34D1-4C12-8ADB-2926EF8E135E} = {F4958B56-A972-4817-B7EF-9E598B56FA42}
		{9BA6D19C-59C3-4AF5-8C69-01F2339CC13C} = {F4958B56-A972-4817-B7EF-9E598B56FA42}
		{D0E90269-9157-4C7D-9DFE-4559F87846D1} = {F4958B56-A972-4817-B7EF-9E598B56FA42}
		{B9C8D884-0A5B-43F9-A9CF-CFD6F29805C6} = {45627DA5-B2DC-4086-A9F2-3A56F172AE67}
		{80E6F030-488E-47EC-A1F8-4975A7D8FCDE} = {45627DA5-B2DC-4086-A9F2-3A56F172AE67}
		{8A0A8156-4344-4438-A3E4-1DA290CFD587} = {45627DA5-B2DC-4086-A9F2-3A56F172AE67}
		{F39D21B3-9D6F-4819-A9BA-1BA64FE3AA58} = {657F43CC-2658-4F0D-85E2-0417453117D8}
		{46CAC2B0-F1BA-4CC2-B43E-6502A3C54CA4} = {657F43CC-2658-4F0D-85E2-0417453117D8}
		{58B0AC61-8CAD-40FB-BD91-9F1C4973E175} = {657F43CC-2658-4F0D-85E2-0417453117D8}
		{C15D929A-DB10-42EF-BFC2-E24DC8487E39} = {B730D056-7C62-4BEF-BBC5-9E64CD24A61F}
		{D94C0AAC-56EF-45A5-8664-B7DDC32BD1DA} = {B730D056-7C62-4BEF-BBC5-9E64CD24A61F}
		{3AA33C24-583D-41F1-8B9D-DCE7021B6001} = {B730D056-7C62-4BEF-BBC5-9E64CD24A61F}
		{CC5F4F5A-4080-4366-87D3-45107E9E18B9} = {699E688D-867A-433A-8FB8-6389FD3FF8D4}
		{0034697D-E975-4C43-A859-5E17144BE476} = {699E688D-867A-433A-8FB8-6389FD3FF8D4}
		{AB697973-900B-4A5F-89E3-F92C56F8257F} = {699E688D-867A-433A-8FB8-6389FD3FF8D4}
	EndGlobalSection
	GlobalSection(ExtensibilityGlobals) = postSolution
		SolutionGuid = {3897662C-BB5B-4141-AAE1-4A1E7A690D21}
	EndGlobalSection
EndGlobal
